{
	"requires": true,
	"lockfileVersion": 1,
	"dependencies": {
		"@types/webpack-env": {
			"version": "1.15.3",
			"resolved": "https://registry.npm.taobao.org/@types/webpack-env/download/@types/webpack-env-1.15.3.tgz?cache=0&sync_timestamp=1600359092112&other_urls=https%3A%2F%2Fregistry.npm.taobao.org%2F%40types%2Fwebpack-env%2Fdownload%2F%40types%2Fwebpack-env-1.15.3.tgz",
			"integrity": "sha1-+2As1MLwt8D7hX6SIHX99nfSXYQ="
		}
	}
}
