{
	"name": "@jianghe/sand-moco",
	"version": "2.1.1",
	"lockfileVersion": 1,
	"requires": true,
	"dependencies": {
		"@types/webpack-env": {
			"version": "1.16.0",
			"resolved": "https://registry.npm.taobao.org/@types/webpack-env/download/@types/webpack-env-1.16.0.tgz",
			"integrity": "sha1-jAqUNd+ns7G+dlYvMHDvs/kmN7Q=",
			"dev": true
		}
	}
}
